
Microsoft Visual Studio Solution File, Format Version 12.00
# Visual Studio Version 16
VisualStudioVersion = 16.0.31229.75
MinimumVisualStudioVersion = 10.0.40219.1
Project("{FAE04EC0-301F-11D3-BF4B-00C04F79EFBC}") = "VideoGameFinder.API", "VideoGameFinder.API\VideoGameFinder.API.csproj", "{FC5E4B54-A602-41BE-9495-9151D2590C65}"
EndProject
Project("{FAE04EC0-301F-11D3-BF4B-00C04F79EFBC}") = "VideoGameFinder.Services", "VideoGameFinder.Services\VideoGameFinder.Services.csproj", "{C9F73589-A40E-4775-A6DA-C1AB39AD5926}"
EndProject
Project("{FAE04EC0-301F-11D3-BF4B-00C04F79EFBC}") = "VideoGameFinder.Data", "VideoGameFinder.Data\VideoGameFinder.Data.csproj", "{0CF7B8AE-810A-414F-BE96-D0E450E38186}"
EndProject
Project("{FAE04EC0-301F-11D3-BF4B-00C04F79EFBC}") = "VideoGameFinder.Models", "VideoGameFinder.Models\VideoGameFinder.Models.csproj", "{481C7E74-2A88-4799-969C-3BC93FC031AD}"
EndProject
Global
	GlobalSection(SolutionConfigurationPlatforms) = preSolution
		Debug|Any CPU = Debug|Any CPU
		Release|Any CPU = Release|Any CPU
	EndGlobalSection
	GlobalSection(ProjectConfigurationPlatforms) = postSolution
		{FC5E4B54-A602-41BE-9495-9151D2590C65}.Debug|Any CPU.ActiveCfg = Debug|Any CPU
		{FC5E4B54-A602-41BE-9495-9151D2590C65}.Debug|Any CPU.Build.0 = Debug|Any CPU
		{FC5E4B54-A602-41BE-9495-9151D2590C65}.Release|Any CPU.ActiveCfg = Release|Any CPU
		{FC5E4B54-A602-41BE-9495-9151D2590C65}.Release|Any CPU.Build.0 = Release|Any CPU
		{C9F73589-A40E-4775-A6DA-C1AB39AD5926}.Debug|Any CPU.ActiveCfg = Debug|Any CPU
		{C9F73589-A40E-4775-A6DA-C1AB39AD5926}.Debug|Any CPU.Build.0 = Debug|Any CPU
		{C9F73589-A40E-4775-A6DA-C1AB39AD5926}.Release|Any CPU.ActiveCfg = Release|Any CPU
		{C9F73589-A40E-4775-A6DA-C1AB39AD5926}.Release|Any CPU.Build.0 = Release|Any CPU
		{0CF7B8AE-810A-414F-BE96-D0E450E38186}.Debug|Any CPU.ActiveCfg = Debug|Any CPU
		{0CF7B8AE-810A-414F-BE96-D0E450E38186}.Debug|Any CPU.Build.0 = Debug|Any CPU
		{0CF7B8AE-810A-414F-BE96-D0E450E38186}.Release|Any CPU.ActiveCfg = Release|Any CPU
		{0CF7B8AE-810A-414F-BE96-D0E450E38186}.Release|Any CPU.Build.0 = Release|Any CPU
		{481C7E74-2A88-4799-969C-3BC93FC031AD}.Debug|Any CPU.ActiveCfg = Debug|Any CPU
		{481C7E74-2A88-4799-969C-3BC93FC031AD}.Debug|Any CPU.Build.0 = Debug|Any CPU
		{481C7E74-2A88-4799-969C-3BC93FC031AD}.Release|Any CPU.ActiveCfg = Release|Any CPU
		{481C7E74-2A88-4799-969C-3BC93FC031AD}.Release|Any CPU.Build.0 = Release|Any CPU
	EndGlobalSection
	GlobalSection(SolutionProperties) = preSolution
		HideSolutionNode = FALSE
	EndGlobalSection
	GlobalSection(ExtensibilityGlobals) = postSolution
		SolutionGuid = {C3C9E476-3704-4708-A004-D9FF06486483}
	EndGlobalSection
EndGlobal
